// !$*UTF8*$!
{
	archiveVersion = 1;
	classes = {
	};
	objectVersion = 46;
	objects = {

/* Begin PBXGroup section */
		D1681FF817B9F03C00333DE1 = {
			isa = PBXGroup;
			children = (
			);
			sourceTree = "<group>";
		};
/* End PBXGroup section */

/* Begin PBXProject section */
		D1681FF917B9F03C00333DE1 /* Project object */ = {
			isa = PBXProject;
			attributes = {
				LastUpgradeCheck = 0500;
			};
			buildConfigurationList = D1681FFC17B9F03C00333DE1 /* Build configuration list for PBXProject "ios 7" */;
			compatibilityVersion = "Xcode 3.2";
			developmentRegion = English;
			hasScannedForEncodings = 0;
			knownRegions = (
				en,
			);
			mainGroup = D1681FF817B9F03C00333DE1;
			projectDirPath = "";
			projectRoot = "";
			targets = (
			);
		};
/* End PBXProject section */

/* Begin XCBuildConfiguration section */
		D1681FFD17B9F03C00333DE1 /* Debug */ = {
			isa = XCBuildConfiguration;
			buildSettings = {
			};
			name = Debug;
		};
		D1681FFE17B9F03C00333DE1 /* Release */ = {
			isa = XCBuildConfiguration;
			buildSettings = {
			};
			name = Release;
		};
/* End XCBuildConfiguration section */

/* Begin XCConfigurationList section */
		D1681FFC17B9F03C00333DE1 /* Build configuration list for PBXProject "ios 7" */ = {
			isa = XCConfigurationList;
			buildConfigurations = (
				D1681FFD17B9F03C00333DE1 /* Debug */,
				D1681FFE17B9F03C00333DE1 /* Release */,
			);
			defaultConfigurationIsVisible = 0;
			defaultConfigurationName = Release;
		};
/* End XCConfigurationList section */
	};
	rootObject = D1681FF917B9F03C00333DE1 /* Project object */;
}
